
Microsoft Visual Studio Solution File, Format Version 12.00
# Visual Studio Version 16
VisualStudioVersion = 16.0.30011.22
MinimumVisualStudioVersion = 10.0.40219.1
Project("{FAE04EC0-301F-11D3-BF4B-00C04F79EFBC}") = "Vidly", "Vidly.csproj", "{AB445E42-1BE0-48D2-B37F-90762071BFDE}"
EndProject
Global
	GlobalSection(SolutionConfigurationPlatforms) = preSolution
		Debug|Any CPU = Debug|Any CPU
		Release|Any CPU = Release|Any CPU
	EndGlobalSection
	GlobalSection(ProjectConfigurationPlatforms) = postSolution
		{AB445E42-1BE0-48D2-B37F-90762071BFDE}.Debug|Any CPU.ActiveCfg = Debug|Any CPU
		{AB445E42-1BE0-48D2-B37F-90762071BFDE}.Debug|Any CPU.Build.0 = Debug|Any CPU
		{AB445E42-1BE0-48D2-B37F-90762071BFDE}.Release|Any CPU.ActiveCfg = Release|Any CPU
		{AB445E42-1BE0-48D2-B37F-90762071BFDE}.Release|Any CPU.Build.0 = Release|Any CPU
	EndGlobalSection
	GlobalSection(SolutionProperties) = preSolution
		HideSolutionNode = FALSE
	EndGlobalSection
	GlobalSection(ExtensibilityGlobals) = postSolution
		SolutionGuid = {CB16CD99-CA8A-4B81-9571-EC5D8E94F6AC}
	EndGlobalSection
EndGlobal
